// !$*UTF8*$!
{
	archiveVersion = 1;
	classes = {
	};
	objectVersion = 46;
	objects = {

/* Begin PBXBuildFile section */
		EB292D291A57B58C00E150A5 /* Square.swift in Sources */ = {isa = PBXBuildFile; fileRef = EB292D281A57B58C00E150A5 /* Square.swift */; };
		EB292D2B1A57B59D00E150A5 /* Board.swift in Sources */ = {isa = PBXBuildFile; fileRef = EB292D2A1A57B59D00E150A5 /* Board.swift */; };
		EB292D2E1A57BE4800E150A5 /* SquareButton.swift in Sources */ = {isa = PBXBuildFile; fileRef = EB292D2D1A57BE4800E150A5 /* SquareButton.swift */; };
		EB371C391A5776F700D7198B /* AppDelegate.swift in Sources */ = {isa = PBXBuildFile; fileRef = EB371C381A5776F700D7198B /* AppDelegate.swift */; };
		EB371C3B1A5776F700D7198B /* ViewController.swift in Sources */ = {isa = PBXBuildFile; fileRef = EB371C3A1A5776F700D7198B /* ViewController.swift */; };
		EB371C3E1A5776F700D7198B /* Main.storyboard in Resources */ = {isa = PBXBuildFile; fileRef = EB371C3C1A5776F700D7198B /* Main.storyboard */; };
		EB371C401A5776F700D7198B /* Images.xcassets in Resources */ = {isa = PBXBuildFile; fileRef = EB371C3F1A5776F700D7198B /* Images.xcassets */; };
		EB371C431A5776F700D7198B /* LaunchScreen.xib in Resources */ = {isa = PBXBuildFile; fileRef = EB371C411A5776F700D7198B /* LaunchScreen.xib */; };
		EB371C4F1A5776F700D7198B /* MineswifterTests.swift in Sources */ = {isa = PBXBuildFile; fileRef = EB371C4E1A5776F700D7198B /* MineswifterTests.swift */; };
/* End PBXBuildFile section */

/* Begin PBXContainerItemProxy section */
		EB371C491A5776F700D7198B /* PBXContainerItemProxy */ = {
			isa = PBXContainerItemProxy;
			containerPortal = EB371C2B1A5776F600D7198B /* Project object */;
			proxyType = 1;
			remoteGlobalIDString = EB371C321A5776F600D7198B;
			remoteInfo = Mineswifter;
		};
/* End PBXContainerItemProxy section */

/* Begin PBXFileReference section */
		EB292D281A57B58C00E150A5 /* Square.swift */ = {isa = PBXFileReference; fileEncoding = 4; lastKnownFileType = sourcecode.swift; path = Square.swift; sourceTree = "<group>"; };
		EB292D2A1A57B59D00E150A5 /* Board.swift */ = {isa = PBXFileReference; fileEncoding = 4; lastKnownFileType = sourcecode.swift; path = Board.swift; sourceTree = "<group>"; };
		EB292D2D1A57BE4800E150A5 /* SquareButton.swift */ = {isa = PBXFileReference; fileEncoding = 4; lastKnownFileType = sourcecode.swift; path = SquareButton.swift; sourceTree = "<group>"; };
		EB371C331A5776F600D7198B /* Mineswifter.app */ = {isa = PBXFileReference; explicitFileType = wrapper.application; includeInIndex = 0; path = Mineswifter.app; sourceTree = BUILT_PRODUCTS_DIR; };
		EB371C371A5776F600D7198B /* Info.plist */ = {isa = PBXFileReference; lastKnownFileType = text.plist.xml; path = Info.plist; sourceTree = "<group>"; };
		EB371C381A5776F700D7198B /* AppDelegate.swift */ = {isa = PBXFileReference; lastKnownFileType = sourcecode.swift; path = AppDelegate.swift; sourceTree = "<group>"; };
		EB371C3A1A5776F700D7198B /* ViewController.swift */ = {isa = PBXFileReference; lastKnownFileType = sourcecode.swift; path = ViewController.swift; sourceTree = "<group>"; };
		EB371C3D1A5776F700D7198B /* Base */ = {isa = PBXFileReference; lastKnownFileType = file.storyboard; name = Base; path = Base.lproj/Main.storyboard; sourceTree = "<group>"; };
		EB371C3F1A5776F700D7198B /* Images.xcassets */ = {isa = PBXFileReference; lastKnownFileType = folder.assetcatalog; path = Images.xcassets; sourceTree = "<group>"; };
		EB371C421A5776F700D7198B /* Base */ = {isa = PBXFileReference; lastKnownFileType = file.xib; name = Base; path = Base.lproj/LaunchScreen.xib; sourceTree = "<group>"; };
		EB371C481A5776F700D7198B /* MineswifterTests.xctest */ = {isa = PBXFileReference; explicitFileType = wrapper.cfbundle; includeInIndex = 0; path = MineswifterTests.xctest; sourceTree = BUILT_PRODUCTS_DIR; };
		EB371C4D1A5776F700D7198B /* Info.plist */ = {isa = PBXFileReference; lastKnownFileType = text.plist.xml; path = Info.plist; sourceTree = "<group>"; };
		EB371C4E1A5776F700D7198B /* MineswifterTests.swift */ = {isa = PBXFileReference; lastKnownFileType = sourcecode.swift; path = MineswifterTests.swift; sourceTree = "<group>"; };
/* End PBXFileReference section */

/* Begin PBXFrameworksBuildPhase section */
		EB371C301A5776F600D7198B /* Frameworks */ = {
			isa = PBXFrameworksBuildPhase;
			buildActionMask = 2147483647;
			files = (
			);
			runOnlyForDeploymentPostprocessing = 0;
		};
		EB371C451A5776F700D7198B /* Frameworks */ = {
			isa = PBXFrameworksBuildPhase;
			buildActionMask = 2147483647;
			files = (
			);
			runOnlyForDeploymentPostprocessing = 0;
		};
/* End PBXFrameworksBuildPhase section */

/* Begin PBXGroup section */
		EB292D271A57B56C00E150A5 /* Models */ = {
			isa = PBXGroup;
			children = (
				EB292D281A57B58C00E150A5 /* Square.swift */,
				EB292D2A1A57B59D00E150A5 /* Board.swift */,
			);
			name = Models;
			sourceTree = "<group>";
		};
		EB292D2C1A57BE1600E150A5 /* Views */ = {
			isa = PBXGroup;
			children = (
				EB292D2D1A57BE4800E150A5 /* SquareButton.swift */,
			);
			name = Views;
			sourceTree = "<group>";
		};
		EB371C2A1A5776F600D7198B = {
			isa = PBXGroup;
			children = (
				EB371C351A5776F600D7198B /* Mineswifter */,
				EB371C4B1A5776F700D7198B /* MineswifterTests */,
				EB371C341A5776F600D7198B /* Products */,
			);
			sourceTree = "<group>";
		};
		EB371C341A5776F600D7198B /* Products */ = {
			isa = PBXGroup;
			children = (
				EB371C331A5776F600D7198B /* Mineswifter.app */,
				EB371C481A5776F700D7198B /* MineswifterTests.xctest */,
			);
			name = Products;
			sourceTree = "<group>";
		};
		EB371C351A5776F600D7198B /* Mineswifter */ = {
			isa = PBXGroup;
			children = (
				EB292D2C1A57BE1600E150A5 /* Views */,
				EB292D271A57B56C00E150A5 /* Models */,
				EB371C381A5776F700D7198B /* AppDelegate.swift */,
				EB371C3A1A5776F700D7198B /* ViewController.swift */,
				EB371C3C1A5776F700D7198B /* Main.storyboard */,
				EB371C361A5776F600D7198B /* Supporting Files */,
			);
			path = Mineswifter;
			sourceTree = "<group>";
		};
		EB371C361A5776F600D7198B /* Supporting Files */ = {
			isa = PBXGroup;
			children = (
				EB371C3F1A5776F700D7198B /* Images.xcassets */,
				EB371C411A5776F700D7198B /* LaunchScreen.xib */,
				EB371C371A5776F600D7198B /* Info.plist */,
			);
			name = "Supporting Files";
			sourceTree = "<group>";
		};
		EB371C4B1A5776F700D7198B /* MineswifterTests */ = {
			isa = PBXGroup;
			children = (
				EB371C4E1A5776F700D7198B /* MineswifterTests.swift */,
				EB371C4C1A5776F700D7198B /* Supporting Files */,
			);
			path = MineswifterTests;
			sourceTree = "<group>";
		};
		EB371C4C1A5776F700D7198B /* Supporting Files */ = {
			isa = PBXGroup;
			children = (
				EB371C4D1A5776F700D7198B /* Info.plist */,
			);
			name = "Supporting Files";
			sourceTree = "<group>";
		};
/* End PBXGroup section */

/* Begin PBXNativeTarget section */
		EB371C321A5776F600D7198B /* Mineswifter */ = {
			isa = PBXNativeTarget;
			buildConfigurationList = EB371C521A5776F700D7198B /* Build configuration list for PBXNativeTarget "Mineswifter" */;
			buildPhases = (
				EB371C2F1A5776F600D7198B /* Sources */,
				EB371C301A5776F600D7198B /* Frameworks */,
				EB371C311A5776F600D7198B /* Resources */,
			);
			buildRules = (
			);
			dependencies = (
			);
			name = Mineswifter;
			productName = Mineswifter;
			productReference = EB371C331A5776F600D7198B /* Mineswifter.app */;
			productType = "com.apple.product-type.application";
		};
		EB371C471A5776F700D7198B /* MineswifterTests */ = {
			isa = PBXNativeTarget;
			buildConfigurationList = EB371C551A5776F700D7198B /* Build configuration list for PBXNativeTarget "MineswifterTests" */;
			buildPhases = (
				EB371C441A5776F700D7198B /* Sources */,
				EB371C451A5776F700D7198B /* Frameworks */,
				EB371C461A5776F700D7198B /* Resources */,
			);
			buildRules = (
			);
			dependencies = (
				EB371C4A1A5776F700D7198B /* PBXTargetDependency */,
			);
			name = MineswifterTests;
			productName = MineswifterTests;
			productReference = EB371C481A5776F700D7198B /* MineswifterTests.xctest */;
			productType = "com.apple.product-type.bundle.unit-test";
		};
/* End PBXNativeTarget section */

/* Begin PBXProject section */
		EB371C2B1A5776F600D7198B /* Project object */ = {
			isa = PBXProject;
			attributes = {
				LastUpgradeCheck = 0610;
				ORGANIZATIONNAME = tutorial;
				TargetAttributes = {
					EB371C321A5776F600D7198B = {
						CreatedOnToolsVersion = 6.1.1;
					};
					EB371C471A5776F700D7198B = {
						CreatedOnToolsVersion = 6.1.1;
						TestTargetID = EB371C321A5776F600D7198B;
					};
				};
			};
			buildConfigurationList = EB371C2E1A5776F600D7198B /* Build configuration list for PBXProject "Mineswifter" */;
			compatibilityVersion = "Xcode 3.2";
			developmentRegion = English;
			hasScannedForEncodings = 0;
			knownRegions = (
				en,
				Base,
			);
			mainGroup = EB371C2A1A5776F600D7198B;
			productRefGroup = EB371C341A5776F600D7198B /* Products */;
			projectDirPath = "";
			projectRoot = "";
			targets = (
				EB371C321A5776F600D7198B /* Mineswifter */,
				EB371C471A5776F700D7198B /* MineswifterTests */,
			);
		};
/* End PBXProject section */

/* Begin PBXResourcesBuildPhase section */
		EB371C311A5776F600D7198B /* Resources */ = {
			isa = PBXResourcesBuildPhase;
			buildActionMask = 2147483647;
			files = (
				EB371C3E1A5776F700D7198B /* Main.storyboard in Resources */,
				EB371C431A5776F700D7198B /* LaunchScreen.xib in Resources */,
				EB371C401A5776F700D7198B /* Images.xcassets in Resources */,
			);
			runOnlyForDeploymentPostprocessing = 0;
		};
		EB371C461A5776F700D7198B /* Resources */ = {
			isa = PBXResourcesBuildPhase;
			buildActionMask = 2147483647;
			files = (
			);
			runOnlyForDeploymentPostprocessing = 0;
		};
/* End PBXResourcesBuildPhase section */

/* Begin PBXSourcesBuildPhase section */
		EB371C2F1A5776F600D7198B /* Sources */ = {
			isa = PBXSourcesBuildPhase;
			buildActionMask = 2147483647;
			files = (
				EB292D2E1A57BE4800E150A5 /* SquareButton.swift in Sources */,
				EB292D291A57B58C00E150A5 /* Square.swift in Sources */,
				EB371C3B1A5776F700D7198B /* ViewController.swift in Sources */,
				EB292D2B1A57B59D00E150A5 /* Board.swift in Sources */,
				EB371C391A5776F700D7198B /* AppDelegate.swift in Sources */,
			);
			runOnlyForDeploymentPostprocessing = 0;
		};
		EB371C441A5776F700D7198B /* Sources */ = {
			isa = PBXSourcesBuildPhase;
			buildActionMask = 2147483647;
			files = (
				EB371C4F1A5776F700D7198B /* MineswifterTests.swift in Sources */,
			);
			runOnlyForDeploymentPostprocessing = 0;
		};
/* End PBXSourcesBuildPhase section */

/* Begin PBXTargetDependency section */
		EB371C4A1A5776F700D7198B /* PBXTargetDependency */ = {
			isa = PBXTargetDependency;
			target = EB371C321A5776F600D7198B /* Mineswifter */;
			targetProxy = EB371C491A5776F700D7198B /* PBXContainerItemProxy */;
		};
/* End PBXTargetDependency section */

/* Begin PBXVariantGroup section */
		EB371C3C1A5776F700D7198B /* Main.storyboard */ = {
			isa = PBXVariantGroup;
			children = (
				EB371C3D1A5776F700D7198B /* Base */,
			);
			name = Main.storyboard;
			sourceTree = "<group>";
		};
		EB371C411A5776F700D7198B /* LaunchScreen.xib */ = {
			isa = PBXVariantGroup;
			children = (
				EB371C421A5776F700D7198B /* Base */,
			);
			name = LaunchScreen.xib;
			sourceTree = "<group>";
		};
/* End PBXVariantGroup section */

/* Begin XCBuildConfiguration section */
		EB371C501A5776F700D7198B /* Debug */ = {
			isa = XCBuildConfiguration;
			buildSettings = {
				ALWAYS_SEARCH_USER_PATHS = NO;
				CLANG_CXX_LANGUAGE_STANDARD = "gnu++0x";
				CLANG_CXX_LIBRARY = "libc++";
				CLANG_ENABLE_MODULES = YES;
				CLANG_ENABLE_OBJC_ARC = YES;
				CLANG_WARN_BOOL_CONVERSION = YES;
				CLANG_WARN_CONSTANT_CONVERSION = YES;
				CLANG_WARN_DIRECT_OBJC_ISA_USAGE = YES_ERROR;
				CLANG_WARN_EMPTY_BODY = YES;
				CLANG_WARN_ENUM_CONVERSION = YES;
				CLANG_WARN_INT_CONVERSION = YES;
				CLANG_WARN_OBJC_ROOT_CLASS = YES_ERROR;
				CLANG_WARN_UNREACHABLE_CODE = YES;
				CLANG_WARN__DUPLICATE_METHOD_MATCH = YES;
				"CODE_SIGN_IDENTITY[sdk=iphoneos*]" = "iPhone Developer";
				COPY_PHASE_STRIP = NO;
				ENABLE_STRICT_OBJC_MSGSEND = YES;
				GCC_C_LANGUAGE_STANDARD = gnu99;
				GCC_DYNAMIC_NO_PIC = NO;
				GCC_OPTIMIZATION_LEVEL = 0;
				GCC_PREPROCESSOR_DEFINITIONS = (
					"DEBUG=1",
					"$(inherited)",
				);
				GCC_SYMBOLS_PRIVATE_EXTERN = NO;
				GCC_WARN_64_TO_32_BIT_CONVERSION = YES;
				GCC_WARN_ABOUT_RETURN_TYPE = YES_ERROR;
				GCC_WARN_UNDECLARED_SELECTOR = YES;
				GCC_WARN_UNINITIALIZED_AUTOS = YES_AGGRESSIVE;
				GCC_WARN_UNUSED_FUNCTION = YES;
				GCC_WARN_UNUSED_VARIABLE = YES;
				IPHONEOS_DEPLOYMENT_TARGET = 8.1;
				MTL_ENABLE_DEBUG_INFO = YES;
				ONLY_ACTIVE_ARCH = YES;
				SDKROOT = iphoneos;
				SWIFT_OPTIMIZATION_LEVEL = "-Onone";
				TARGETED_DEVICE_FAMILY = "1,2";
			};
			name = Debug;
		};
		EB371C511A5776F700D7198B /* Release */ = {
			isa = XCBuildConfiguration;
			buildSettings = {
				ALWAYS_SEARCH_USER_PATHS = NO;
				CLANG_CXX_LANGUAGE_STANDARD = "gnu++0x";
				CLANG_CXX_LIBRARY = "libc++";
				CLANG_ENABLE_MODULES = YES;
				CLANG_ENABLE_OBJC_ARC = YES;
				CLANG_WARN_BOOL_CONVERSION = YES;
				CLANG_WARN_CONSTANT_CONVERSION = YES;
				CLANG_WARN_DIRECT_OBJC_ISA_USAGE = YES_ERROR;
				CLANG_WARN_EMPTY_BODY = YES;
				CLANG_WARN_ENUM_CONVERSION = YES;
				CLANG_WARN_INT_CONVERSION = YES;
				CLANG_WARN_OBJC_ROOT_CLASS = YES_ERROR;
				CLANG_WARN_UNREACHABLE_CODE = YES;
				CLANG_WARN__DUPLICATE_METHOD_MATCH = YES;
				"CODE_SIGN_IDENTITY[sdk=iphoneos*]" = "iPhone Developer";
				COPY_PHASE_STRIP = YES;
				ENABLE_NS_ASSERTIONS = NO;
				ENABLE_STRICT_OBJC_MSGSEND = YES;
				GCC_C_LANGUAGE_STANDARD = gnu99;
				GCC_WARN_64_TO_32_BIT_CONVERSION = YES;
				GCC_WARN_ABOUT_RETURN_TYPE = YES_ERROR;
				GCC_WARN_UNDECLARED_SELECTOR = YES;
				GCC_WARN_UNINITIALIZED_AUTOS = YES_AGGRESSIVE;
				GCC_WARN_UNUSED_FUNCTION = YES;
				GCC_WARN_UNUSED_VARIABLE = YES;
				IPHONEOS_DEPLOYMENT_TARGET = 8.1;
				MTL_ENABLE_DEBUG_INFO = NO;
				SDKROOT = iphoneos;
				TARGETED_DEVICE_FAMILY = "1,2";
				VALIDATE_PRODUCT = YES;
			};
			name = Release;
		};
		EB371C531A5776F700D7198B /* Debug */ = {
			isa = XCBuildConfiguration;
			buildSettings = {
				ASSETCATALOG_COMPILER_APPICON_NAME = AppIcon;
				INFOPLIST_FILE = Mineswifter/Info.plist;
				LD_RUNPATH_SEARCH_PATHS = "$(inherited) @executable_path/Frameworks";
				PRODUCT_NAME = "$(TARGET_NAME)";
			};
			name = Debug;
		};
		EB371C541A5776F700D7198B /* Release */ = {
			isa = XCBuildConfiguration;
			buildSettings = {
				ASSETCATALOG_COMPILER_APPICON_NAME = AppIcon;
				INFOPLIST_FILE = Mineswifter/Info.plist;
				LD_RUNPATH_SEARCH_PATHS = "$(inherited) @executable_path/Frameworks";
				PRODUCT_NAME = "$(TARGET_NAME)";
			};
			name = Release;
		};
		EB371C561A5776F700D7198B /* Debug */ = {
			isa = XCBuildConfiguration;
			buildSettings = {
				BUNDLE_LOADER = "$(TEST_HOST)";
				FRAMEWORK_SEARCH_PATHS = (
					"$(SDKROOT)/Developer/Library/Frameworks",
					"$(inherited)",
				);
				GCC_PREPROCESSOR_DEFINITIONS = (
					"DEBUG=1",
					"$(inherited)",
				);
				INFOPLIST_FILE = MineswifterTests/Info.plist;
				LD_RUNPATH_SEARCH_PATHS = "$(inherited) @executable_path/Frameworks @loader_path/Frameworks";
				PRODUCT_NAME = "$(TARGET_NAME)";
				TEST_HOST = "$(BUILT_PRODUCTS_DIR)/Mineswifter.app/Mineswifter";
			};
			name = Debug;
		};
		EB371C571A5776F700D7198B /* Release */ = {
			isa = XCBuildConfiguration;
			buildSettings = {
				BUNDLE_LOADER = "$(TEST_HOST)";
				FRAMEWORK_SEARCH_PATHS = (
					"$(SDKROOT)/Developer/Library/Frameworks",
					"$(inherited)",
				);
				INFOPLIST_FILE = MineswifterTests/Info.plist;
				LD_RUNPATH_SEARCH_PATHS = "$(inherited) @executable_path/Frameworks @loader_path/Frameworks";
				PRODUCT_NAME = "$(TARGET_NAME)";
				TEST_HOST = "$(BUILT_PRODUCTS_DIR)/Mineswifter.app/Mineswifter";
			};
			name = Release;
		};
/* End XCBuildConfiguration section */

/* Begin XCConfigurationList section */
		EB371C2E1A5776F600D7198B /* Build configuration list for PBXProject "Mineswifter" */ = {
			isa = XCConfigurationList;
			buildConfigurations = (
				EB371C501A5776F700D7198B /* Debug */,
				EB371C511A5776F700D7198B /* Release */,
			);
			defaultConfigurationIsVisible = 0;
			defaultConfigurationName = Release;
		};
		EB371C521A5776F700D7198B /* Build configuration list for PBXNativeTarget "Mineswifter" */ = {
			isa = XCConfigurationList;
			buildConfigurations = (
				EB371C531A5776F700D7198B /* Debug */,
				EB371C541A5776F700D7198B /* Release */,
			);
			defaultConfigurationIsVisible = 0;
			defaultConfigurationName = Release;
		};
		EB371C551A5776F700D7198B /* Build configuration list for PBXNativeTarget "MineswifterTests" */ = {
			isa = XCConfigurationList;
			buildConfigurations = (
				EB371C561A5776F700D7198B /* Debug */,
				EB371C571A5776F700D7198B /* Release */,
			);
			defaultConfigurationIsVisible = 0;
			defaultConfigurationName = Release;
		};
/* End XCConfigurationList section */
	};
	rootObject = EB371C2B1A5776F600D7198B /* Project object */;
}
